
Microsoft Visual Studio Solution File, Format Version 12.00
# Visual Studio Version 17
VisualStudioVersion = 17.3.32901.215
MinimumVisualStudioVersion = 10.0.40219.1
Project("{FAE04EC0-301F-11D3-BF4B-00C04F79EFBC}") = "SecureApiWithJwt", "SecureApiWithJwt\SecureApiWithJwt.csproj", "{AC12FBF3-D159-42FF-BD1D-27B1CCCAB781}"
EndProject
Global
	GlobalSection(SolutionConfigurationPlatforms) = preSolution
		Debug|Any CPU = Debug|Any CPU
		Release|Any CPU = Release|Any CPU
	EndGlobalSection
	GlobalSection(ProjectConfigurationPlatforms) = postSolution
		{AC12FBF3-D159-42FF-BD1D-27B1CCCAB781}.Debug|Any CPU.ActiveCfg = Debug|Any CPU
		{AC12FBF3-D159-42FF-BD1D-27B1CCCAB781}.Debug|Any CPU.Build.0 = Debug|Any CPU
		{AC12FBF3-D159-42FF-BD1D-27B1CCCAB781}.Release|Any CPU.ActiveCfg = Release|Any CPU
		{AC12FBF3-D159-42FF-BD1D-27B1CCCAB781}.Release|Any CPU.Build.0 = Release|Any CPU
	EndGlobalSection
	GlobalSection(SolutionProperties) = preSolution
		HideSolutionNode = FALSE
	EndGlobalSection
	GlobalSection(ExtensibilityGlobals) = postSolution
		SolutionGuid = {87C3F6DD-2659-4204-8C8A-D27F2784D6C6}
	EndGlobalSection
EndGlobal
